
Microsoft Visual Studio Solution File, Format Version 12.00
# Visual Studio Version 16
VisualStudioVersion = 16.0.809.6
MinimumVisualStudioVersion = 10.0.40219.1
Project("{FAE04EC0-301F-11D3-BF4B-00C04F79EFBC}") = "EncodeData", "EncodeData\EncodeData.csproj", "{BD669677-8AA0-473A-A2B8-A53EEDA4CEDA}"
EndProject
Global
	GlobalSection(SolutionConfigurationPlatforms) = preSolution
		Debug|anycpu = Debug|anycpu
		Release|anycpu = Release|anycpu
	EndGlobalSection
	GlobalSection(ProjectConfigurationPlatforms) = postSolution
		{BD669677-8AA0-473A-A2B8-A53EEDA4CEDA}.Debug|anycpu.ActiveCfg = Debug|Any CPU
		{BD669677-8AA0-473A-A2B8-A53EEDA4CEDA}.Debug|anycpu.Build.0 = Debug|Any CPU
		{BD669677-8AA0-473A-A2B8-A53EEDA4CEDA}.Release|anycpu.ActiveCfg = Release|Any CPU
		{BD669677-8AA0-473A-A2B8-A53EEDA4CEDA}.Release|anycpu.Build.0 = Release|Any CPU
	EndGlobalSection
	GlobalSection(SolutionProperties) = preSolution
		HideSolutionNode = FALSE
	EndGlobalSection
	GlobalSection(ExtensibilityGlobals) = postSolution
		SolutionGuid = {77DFCCA4-0BC1-4A18-8EE0-B89073ADF0A3}
	EndGlobalSection
EndGlobal
