
Microsoft Visual Studio Solution File, Format Version 12.00
# Visual Studio Version 16
VisualStudioVersion = 16.0.809.6
MinimumVisualStudioVersion = 10.0.40219.1
Project("{FAE04EC0-301F-11D3-BF4B-00C04F79EFBC}") = "EncodeLevels", "EncodeLevels.csproj", "{478FC5AF-2754-47DD-AD60-E78347B8796F}"
EndProject
Global
	GlobalSection(SolutionConfigurationPlatforms) = preSolution
		Debug|anycpu = Debug|anycpu
		Release|anycpu = Release|anycpu
	EndGlobalSection
	GlobalSection(ProjectConfigurationPlatforms) = postSolution
		{478FC5AF-2754-47DD-AD60-E78347B8796F}.Debug|anycpu.ActiveCfg = Debug|anycpu
		{478FC5AF-2754-47DD-AD60-E78347B8796F}.Debug|anycpu.Build.0 = Debug|anycpu
		{478FC5AF-2754-47DD-AD60-E78347B8796F}.Release|anycpu.ActiveCfg = Release|anycpu
		{478FC5AF-2754-47DD-AD60-E78347B8796F}.Release|anycpu.Build.0 = Release|anycpu
	EndGlobalSection
	GlobalSection(SolutionProperties) = preSolution
		HideSolutionNode = FALSE
	EndGlobalSection
	GlobalSection(ExtensibilityGlobals) = postSolution
		SolutionGuid = {77DFCCA4-0BC1-4A18-8EE0-B89073ADF0A3}
	EndGlobalSection
EndGlobal
